
Microsoft Visual Studio Solution File, Format Version 12.00
Project("{FAE04EC0-301F-11D3-BF4B-00C04F79EFBC}") = "ManagementSystem.Api", "ManagementSystem.Api.csproj", "{07AFF340-86D8-4830-A538-919C0B433745}"
EndProject
Project("{2150E333-8FDC-42A3-9474-1A3956D46DE8}") = "src", "src", "{F52E0D42-0A95-4F47-BD3C-0580BDC0F1D6}"
EndProject
Project("{2150E333-8FDC-42A3-9474-1A3956D46DE8}") = "tests", "tests", "{C1642DAF-FE41-40A8-AB6F-7A951CC8D5B9}"
EndProject
Project("{2150E333-8FDC-42A3-9474-1A3956D46DE8}") = "UnitTests", "UnitTests", "{8A41015F-2557-4EC0-85CE-3D6EB9AAE9C8}"
EndProject
Global
	GlobalSection(SolutionConfigurationPlatforms) = preSolution
		Debug|Any CPU = Debug|Any CPU
		Release|Any CPU = Release|Any CPU
	EndGlobalSection
	GlobalSection(ProjectConfigurationPlatforms) = postSolution
		{07AFF340-86D8-4830-A538-919C0B433745}.Debug|Any CPU.ActiveCfg = Debug|Any CPU
		{07AFF340-86D8-4830-A538-919C0B433745}.Debug|Any CPU.Build.0 = Debug|Any CPU
		{07AFF340-86D8-4830-A538-919C0B433745}.Release|Any CPU.ActiveCfg = Release|Any CPU
		{07AFF340-86D8-4830-A538-919C0B433745}.Release|Any CPU.Build.0 = Release|Any CPU
	EndGlobalSection
	GlobalSection(NestedProjects) = preSolution
		{07AFF340-86D8-4830-A538-919C0B433745} = {F52E0D42-0A95-4F47-BD3C-0580BDC0F1D6}
		{8A41015F-2557-4EC0-85CE-3D6EB9AAE9C8} = {C1642DAF-FE41-40A8-AB6F-7A951CC8D5B9}
	EndGlobalSection
EndGlobal
