
Microsoft Visual Studio Solution File, Format Version 12.00
Project("{FAE04EC0-301F-11D3-BF4B-00C04F79EFBC}") = "ManagementSystem.Api", "ManagementSystem.Api.csproj", "{07AFF340-86D8-4830-A538-919C0B433745}"
EndProject
Project("{2150E333-8FDC-42A3-9474-1A3956D46DE8}") = "src", "src", "{3C234418-A03E-41E7-A175-EA3ACF8DD445}"
EndProject
Project("{2150E333-8FDC-42A3-9474-1A3956D46DE8}") = "tests", "tests", "{C5CB6B43-A9DC-496F-846A-3A680B4C3042}"
EndProject
Project("{2150E333-8FDC-42A3-9474-1A3956D46DE8}") = "UnitTests", "UnitTests", "{230698D5-649A-440F-B8AA-F2F32307BDDC}"
EndProject
Project("{2150E333-8FDC-42A3-9474-1A3956D46DE8}") = "IntegrationTests", "IntegrationTests", "{28F985BC-F349-4C93-8BD1-ABCF934909BD}"
EndProject
Project("{2150E333-8FDC-42A3-9474-1A3956D46DE8}") = "TestUtils", "TestUtils", "{C7072215-4D0D-4A19-BD88-81DF8C475865}"
EndProject
Global
	GlobalSection(SolutionConfigurationPlatforms) = preSolution
		Debug|Any CPU = Debug|Any CPU
		Release|Any CPU = Release|Any CPU
	EndGlobalSection
	GlobalSection(ProjectConfigurationPlatforms) = postSolution
		{07AFF340-86D8-4830-A538-919C0B433745}.Debug|Any CPU.ActiveCfg = Debug|Any CPU
		{07AFF340-86D8-4830-A538-919C0B433745}.Debug|Any CPU.Build.0 = Debug|Any CPU
		{07AFF340-86D8-4830-A538-919C0B433745}.Release|Any CPU.ActiveCfg = Release|Any CPU
		{07AFF340-86D8-4830-A538-919C0B433745}.Release|Any CPU.Build.0 = Release|Any CPU
	EndGlobalSection
	GlobalSection(NestedProjects) = preSolution
		{07AFF340-86D8-4830-A538-919C0B433745} = {3C234418-A03E-41E7-A175-EA3ACF8DD445}
		{230698D5-649A-440F-B8AA-F2F32307BDDC} = {C5CB6B43-A9DC-496F-846A-3A680B4C3042}
		{28F985BC-F349-4C93-8BD1-ABCF934909BD} = {C5CB6B43-A9DC-496F-846A-3A680B4C3042}
		{C7072215-4D0D-4A19-BD88-81DF8C475865} = {C5CB6B43-A9DC-496F-846A-3A680B4C3042}
	EndGlobalSection
EndGlobal
